
Microsoft Visual Studio Solution File, Format Version 12.00
# Visual Studio Version 17
VisualStudioVersion = 17.9.34701.34
MinimumVisualStudioVersion = 10.0.40219.1
Project("{54A90642-561A-4BB1-A94E-469ADEE60C69}") = "FrontEnd", "..\FrontEnd\FrontEnd.esproj", "{9F97B011-8C98-419B-9F41-32CC1C8993BA}"
EndProject
Project("{9A19103F-16F7-4668-BE54-9A1E7A4F7556}") = "JWT", "..\..\..\JWT\JWT\JWT.csproj", "{374ACEFD-AF0C-40A7-95CC-FD251D17C991}"
EndProject
Global
	GlobalSection(SolutionConfigurationPlatforms) = preSolution
		Debug|Any CPU = Debug|Any CPU
		Release|Any CPU = Release|Any CPU
	EndGlobalSection
	GlobalSection(ProjectConfigurationPlatforms) = postSolution
		{9F97B011-8C98-419B-9F41-32CC1C8993BA}.Debug|Any CPU.ActiveCfg = Debug|Any CPU
		{9F97B011-8C98-419B-9F41-32CC1C8993BA}.Debug|Any CPU.Build.0 = Debug|Any CPU
		{9F97B011-8C98-419B-9F41-32CC1C8993BA}.Debug|Any CPU.Deploy.0 = Debug|Any CPU
		{9F97B011-8C98-419B-9F41-32CC1C8993BA}.Release|Any CPU.ActiveCfg = Release|Any CPU
		{9F97B011-8C98-419B-9F41-32CC1C8993BA}.Release|Any CPU.Build.0 = Release|Any CPU
		{9F97B011-8C98-419B-9F41-32CC1C8993BA}.Release|Any CPU.Deploy.0 = Release|Any CPU
		{374ACEFD-AF0C-40A7-95CC-FD251D17C991}.Debug|Any CPU.ActiveCfg = Debug|Any CPU
		{374ACEFD-AF0C-40A7-95CC-FD251D17C991}.Debug|Any CPU.Build.0 = Debug|Any CPU
		{374ACEFD-AF0C-40A7-95CC-FD251D17C991}.Release|Any CPU.ActiveCfg = Release|Any CPU
		{374ACEFD-AF0C-40A7-95CC-FD251D17C991}.Release|Any CPU.Build.0 = Release|Any CPU
	EndGlobalSection
	GlobalSection(SolutionProperties) = preSolution
		HideSolutionNode = FALSE
	EndGlobalSection
	GlobalSection(ExtensibilityGlobals) = postSolution
		SolutionGuid = {E6AB2BDC-7D17-4072-A820-E3C07E48F723}
	EndGlobalSection
EndGlobal
