
Microsoft Visual Studio Solution File, Format Version 12.00
# Visual Studio Version 17
VisualStudioVersion = 17.9.34701.34
MinimumVisualStudioVersion = 10.0.40219.1
Project("{54A90642-561A-4BB1-A94E-469ADEE60C69}") = "FrontEnd2", "FrontEnd2\FrontEnd2.esproj", "{9FEECFDF-5CE1-4909-A5CB-992F7231BF26}"
EndProject
Global
	GlobalSection(SolutionConfigurationPlatforms) = preSolution
		Debug|Any CPU = Debug|Any CPU
		Release|Any CPU = Release|Any CPU
	EndGlobalSection
	GlobalSection(ProjectConfigurationPlatforms) = postSolution
		{9FEECFDF-5CE1-4909-A5CB-992F7231BF26}.Debug|Any CPU.ActiveCfg = Debug|Any CPU
		{9FEECFDF-5CE1-4909-A5CB-992F7231BF26}.Debug|Any CPU.Build.0 = Debug|Any CPU
		{9FEECFDF-5CE1-4909-A5CB-992F7231BF26}.Debug|Any CPU.Deploy.0 = Debug|Any CPU
		{9FEECFDF-5CE1-4909-A5CB-992F7231BF26}.Release|Any CPU.ActiveCfg = Release|Any CPU
		{9FEECFDF-5CE1-4909-A5CB-992F7231BF26}.Release|Any CPU.Build.0 = Release|Any CPU
		{9FEECFDF-5CE1-4909-A5CB-992F7231BF26}.Release|Any CPU.Deploy.0 = Release|Any CPU
	EndGlobalSection
	GlobalSection(SolutionProperties) = preSolution
		HideSolutionNode = FALSE
	EndGlobalSection
	GlobalSection(ExtensibilityGlobals) = postSolution
		SolutionGuid = {C3C30F9B-BA95-4E6B-A65C-A6A0CA69E603}
	EndGlobalSection
EndGlobal
